// !$*UTF8*$!
{
	archiveVersion = 1;
	classes = {
	};
	objectVersion = 56;
	objects = {

/* Begin PBXBuildFile section */
		D99035F7291CC8F200A419BF /* SwiftGuthubTutorialApp.swift in Sources */ = {isa = PBXBuildFile; fileRef = D99035F6291CC8F200A419BF /* SwiftGuthubTutorialApp.swift */; };
		D99035F9291CC8F200A419BF /* ContentView.swift in Sources */ = {isa = PBXBuildFile; fileRef = D99035F8291CC8F200A419BF /* ContentView.swift */; };
		D99035FB291CC8F300A419BF /* Assets.xcassets in Resources */ = {isa = PBXBuildFile; fileRef = D99035FA291CC8F300A419BF /* Assets.xcassets */; };
		D99035FF291CC8F300A419BF /* Preview Assets.xcassets in Resources */ = {isa = PBXBuildFile; fileRef = D99035FE291CC8F300A419BF /* Preview Assets.xcassets */; };
		D9903609291CC8F300A419BF /* SwiftGuthubTutorialTests.swift in Sources */ = {isa = PBXBuildFile; fileRef = D9903608291CC8F300A419BF /* SwiftGuthubTutorialTests.swift */; };
		D9903613291CC8F300A419BF /* SwiftGuthubTutorialUITests.swift in Sources */ = {isa = PBXBuildFile; fileRef = D9903612291CC8F300A419BF /* SwiftGuthubTutorialUITests.swift */; };
		D9903615291CC8F300A419BF /* SwiftGuthubTutorialUITestsLaunchTests.swift in Sources */ = {isa = PBXBuildFile; fileRef = D9903614291CC8F300A419BF /* SwiftGuthubTutorialUITestsLaunchTests.swift */; };
		D9903622291CD65700A419BF /* HeaderView.swift in Sources */ = {isa = PBXBuildFile; fileRef = D9903621291CD65700A419BF /* HeaderView.swift */; };
/* End PBXBuildFile section */

/* Begin PBXContainerItemProxy section */
		D9903605291CC8F300A419BF /* PBXContainerItemProxy */ = {
			isa = PBXContainerItemProxy;
			containerPortal = D99035EB291CC8F200A419BF /* Project object */;
			proxyType = 1;
			remoteGlobalIDString = D99035F2291CC8F200A419BF;
			remoteInfo = SwiftGuthubTutorial;
		};
		D990360F291CC8F300A419BF /* PBXContainerItemProxy */ = {
			isa = PBXContainerItemProxy;
			containerPortal = D99035EB291CC8F200A419BF /* Project object */;
			proxyType = 1;
			remoteGlobalIDString = D99035F2291CC8F200A419BF;
			remoteInfo = SwiftGuthubTutorial;
		};
/* End PBXContainerItemProxy section */

/* Begin PBXFileReference section */
		D99035F3291CC8F200A419BF /* SwiftGuthubTutorial.app */ = {isa = PBXFileReference; explicitFileType = wrapper.application; includeInIndex = 0; path = SwiftGuthubTutorial.app; sourceTree = BUILT_PRODUCTS_DIR; };
		D99035F6291CC8F200A419BF /* SwiftGuthubTutorialApp.swift */ = {isa = PBXFileReference; lastKnownFileType = sourcecode.swift; path = SwiftGuthubTutorialApp.swift; sourceTree = "<group>"; };
		D99035F8291CC8F200A419BF /* ContentView.swift */ = {isa = PBXFileReference; lastKnownFileType = sourcecode.swift; path = ContentView.swift; sourceTree = "<group>"; };
		D99035FA291CC8F300A419BF /* Assets.xcassets */ = {isa = PBXFileReference; lastKnownFileType = folder.assetcatalog; path = Assets.xcassets; sourceTree = "<group>"; };
		D99035FC291CC8F300A419BF /* SwiftGuthubTutorial.entitlements */ = {isa = PBXFileReference; lastKnownFileType = text.plist.entitlements; path = SwiftGuthubTutorial.entitlements; sourceTree = "<group>"; };
		D99035FE291CC8F300A419BF /* Preview Assets.xcassets */ = {isa = PBXFileReference; lastKnownFileType = folder.assetcatalog; path = "Preview Assets.xcassets"; sourceTree = "<group>"; };
		D9903604291CC8F300A419BF /* SwiftGuthubTutorialTests.xctest */ = {isa = PBXFileReference; explicitFileType = wrapper.cfbundle; includeInIndex = 0; path = SwiftGuthubTutorialTests.xctest; sourceTree = BUILT_PRODUCTS_DIR; };
		D9903608291CC8F300A419BF /* SwiftGuthubTutorialTests.swift */ = {isa = PBXFileReference; lastKnownFileType = sourcecode.swift; path = SwiftGuthubTutorialTests.swift; sourceTree = "<group>"; };
		D990360E291CC8F300A419BF /* SwiftGuthubTutorialUITests.xctest */ = {isa = PBXFileReference; explicitFileType = wrapper.cfbundle; includeInIndex = 0; path = SwiftGuthubTutorialUITests.xctest; sourceTree = BUILT_PRODUCTS_DIR; };
		D9903612291CC8F300A419BF /* SwiftGuthubTutorialUITests.swift */ = {isa = PBXFileReference; lastKnownFileType = sourcecode.swift; path = SwiftGuthubTutorialUITests.swift; sourceTree = "<group>"; };
		D9903614291CC8F300A419BF /* SwiftGuthubTutorialUITestsLaunchTests.swift */ = {isa = PBXFileReference; lastKnownFileType = sourcecode.swift; path = SwiftGuthubTutorialUITestsLaunchTests.swift; sourceTree = "<group>"; };
		D9903621291CD65700A419BF /* HeaderView.swift */ = {isa = PBXFileReference; lastKnownFileType = sourcecode.swift; path = HeaderView.swift; sourceTree = "<group>"; };
/* End PBXFileReference section */

/* Begin PBXFrameworksBuildPhase section */
		D99035F0291CC8F200A419BF /* Frameworks */ = {
			isa = PBXFrameworksBuildPhase;
			buildActionMask = 2147483647;
			files = (
			);
			runOnlyForDeploymentPostprocessing = 0;
		};
		D9903601291CC8F300A419BF /* Frameworks */ = {
			isa = PBXFrameworksBuildPhase;
			buildActionMask = 2147483647;
			files = (
			);
			runOnlyForDeploymentPostprocessing = 0;
		};
		D990360B291CC8F300A419BF /* Frameworks */ = {
			isa = PBXFrameworksBuildPhase;
			buildActionMask = 2147483647;
			files = (
			);
			runOnlyForDeploymentPostprocessing = 0;
		};
/* End PBXFrameworksBuildPhase section */

/* Begin PBXGroup section */
		D99035EA291CC8F200A419BF = {
			isa = PBXGroup;
			children = (
				D99035F5291CC8F200A419BF /* SwiftGuthubTutorial */,
				D9903607291CC8F300A419BF /* SwiftGuthubTutorialTests */,
				D9903611291CC8F300A419BF /* SwiftGuthubTutorialUITests */,
				D99035F4291CC8F200A419BF /* Products */,
			);
			sourceTree = "<group>";
		};
		D99035F4291CC8F200A419BF /* Products */ = {
			isa = PBXGroup;
			children = (
				D99035F3291CC8F200A419BF /* SwiftGuthubTutorial.app */,
				D9903604291CC8F300A419BF /* SwiftGuthubTutorialTests.xctest */,
				D990360E291CC8F300A419BF /* SwiftGuthubTutorialUITests.xctest */,
			);
			name = Products;
			sourceTree = "<group>";
		};
		D99035F5291CC8F200A419BF /* SwiftGuthubTutorial */ = {
			isa = PBXGroup;
			children = (
				D99035F6291CC8F200A419BF /* SwiftGuthubTutorialApp.swift */,
				D9903621291CD65700A419BF /* HeaderView.swift */,
				D99035F8291CC8F200A419BF /* ContentView.swift */,
				D99035FA291CC8F300A419BF /* Assets.xcassets */,
				D99035FC291CC8F300A419BF /* SwiftGuthubTutorial.entitlements */,
				D99035FD291CC8F300A419BF /* Preview Content */,
			);
			path = SwiftGuthubTutorial;
			sourceTree = "<group>";
		};
		D99035FD291CC8F300A419BF /* Preview Content */ = {
			isa = PBXGroup;
			children = (
				D99035FE291CC8F300A419BF /* Preview Assets.xcassets */,
			);
			path = "Preview Content";
			sourceTree = "<group>";
		};
		D9903607291CC8F300A419BF /* SwiftGuthubTutorialTests */ = {
			isa = PBXGroup;
			children = (
				D9903608291CC8F300A419BF /* SwiftGuthubTutorialTests.swift */,
			);
			path = SwiftGuthubTutorialTests;
			sourceTree = "<group>";
		};
		D9903611291CC8F300A419BF /* SwiftGuthubTutorialUITests */ = {
			isa = PBXGroup;
			children = (
				D9903612291CC8F300A419BF /* SwiftGuthubTutorialUITests.swift */,
				D9903614291CC8F300A419BF /* SwiftGuthubTutorialUITestsLaunchTests.swift */,
			);
			path = SwiftGuthubTutorialUITests;
			sourceTree = "<group>";
		};
/* End PBXGroup section */

/* Begin PBXNativeTarget section */
		D99035F2291CC8F200A419BF /* SwiftGuthubTutorial */ = {
			isa = PBXNativeTarget;
			buildConfigurationList = D9903618291CC8F300A419BF /* Build configuration list for PBXNativeTarget "SwiftGuthubTutorial" */;
			buildPhases = (
				D99035EF291CC8F200A419BF /* Sources */,
				D99035F0291CC8F200A419BF /* Frameworks */,
				D99035F1291CC8F200A419BF /* Resources */,
			);
			buildRules = (
			);
			dependencies = (
			);
			name = SwiftGuthubTutorial;
			productName = SwiftGuthubTutorial;
			productReference = D99035F3291CC8F200A419BF /* SwiftGuthubTutorial.app */;
			productType = "com.apple.product-type.application";
		};
		D9903603291CC8F300A419BF /* SwiftGuthubTutorialTests */ = {
			isa = PBXNativeTarget;
			buildConfigurationList = D990361B291CC8F300A419BF /* Build configuration list for PBXNativeTarget "SwiftGuthubTutorialTests" */;
			buildPhases = (
				D9903600291CC8F300A419BF /* Sources */,
				D9903601291CC8F300A419BF /* Frameworks */,
				D9903602291CC8F300A419BF /* Resources */,
			);
			buildRules = (
			);
			dependencies = (
				D9903606291CC8F300A419BF /* PBXTargetDependency */,
			);
			name = SwiftGuthubTutorialTests;
			productName = SwiftGuthubTutorialTests;
			productReference = D9903604291CC8F300A419BF /* SwiftGuthubTutorialTests.xctest */;
			productType = "com.apple.product-type.bundle.unit-test";
		};
		D990360D291CC8F300A419BF /* SwiftGuthubTutorialUITests */ = {
			isa = PBXNativeTarget;
			buildConfigurationList = D990361E291CC8F300A419BF /* Build configuration list for PBXNativeTarget "SwiftGuthubTutorialUITests" */;
			buildPhases = (
				D990360A291CC8F300A419BF /* Sources */,
				D990360B291CC8F300A419BF /* Frameworks */,
				D990360C291CC8F300A419BF /* Resources */,
			);
			buildRules = (
			);
			dependencies = (
				D9903610291CC8F300A419BF /* PBXTargetDependency */,
			);
			name = SwiftGuthubTutorialUITests;
			productName = SwiftGuthubTutorialUITests;
			productReference = D990360E291CC8F300A419BF /* SwiftGuthubTutorialUITests.xctest */;
			productType = "com.apple.product-type.bundle.ui-testing";
		};
/* End PBXNativeTarget section */

/* Begin PBXProject section */
		D99035EB291CC8F200A419BF /* Project object */ = {
			isa = PBXProject;
			attributes = {
				BuildIndependentTargetsInParallel = 1;
				LastSwiftUpdateCheck = 1400;
				LastUpgradeCheck = 1400;
				TargetAttributes = {
					D99035F2291CC8F200A419BF = {
						CreatedOnToolsVersion = 14.0.1;
					};
					D9903603291CC8F300A419BF = {
						CreatedOnToolsVersion = 14.0.1;
						TestTargetID = D99035F2291CC8F200A419BF;
					};
					D990360D291CC8F300A419BF = {
						CreatedOnToolsVersion = 14.0.1;
						TestTargetID = D99035F2291CC8F200A419BF;
					};
				};
			};
			buildConfigurationList = D99035EE291CC8F200A419BF /* Build configuration list for PBXProject "SwiftGuthubTutorial" */;
			compatibilityVersion = "Xcode 14.0";
			developmentRegion = en;
			hasScannedForEncodings = 0;
			knownRegions = (
				en,
				Base,
			);
			mainGroup = D99035EA291CC8F200A419BF;
			productRefGroup = D99035F4291CC8F200A419BF /* Products */;
			projectDirPath = "";
			projectRoot = "";
			targets = (
				D99035F2291CC8F200A419BF /* SwiftGuthubTutorial */,
				D9903603291CC8F300A419BF /* SwiftGuthubTutorialTests */,
				D990360D291CC8F300A419BF /* SwiftGuthubTutorialUITests */,
			);
		};
/* End PBXProject section */

/* Begin PBXResourcesBuildPhase section */
		D99035F1291CC8F200A419BF /* Resources */ = {
			isa = PBXResourcesBuildPhase;
			buildActionMask = 2147483647;
			files = (
				D99035FF291CC8F300A419BF /* Preview Assets.xcassets in Resources */,
				D99035FB291CC8F300A419BF /* Assets.xcassets in Resources */,
			);
			runOnlyForDeploymentPostprocessing = 0;
		};
		D9903602291CC8F300A419BF /* Resources */ = {
			isa = PBXResourcesBuildPhase;
			buildActionMask = 2147483647;
			files = (
			);
			runOnlyForDeploymentPostprocessing = 0;
		};
		D990360C291CC8F300A419BF /* Resources */ = {
			isa = PBXResourcesBuildPhase;
			buildActionMask = 2147483647;
			files = (
			);
			runOnlyForDeploymentPostprocessing = 0;
		};
/* End PBXResourcesBuildPhase section */

/* Begin PBXSourcesBuildPhase section */
		D99035EF291CC8F200A419BF /* Sources */ = {
			isa = PBXSourcesBuildPhase;
			buildActionMask = 2147483647;
			files = (
				D99035F9291CC8F200A419BF /* ContentView.swift in Sources */,
				D9903622291CD65700A419BF /* HeaderView.swift in Sources */,
				D99035F7291CC8F200A419BF /* SwiftGuthubTutorialApp.swift in Sources */,
			);
			runOnlyForDeploymentPostprocessing = 0;
		};
		D9903600291CC8F300A419BF /* Sources */ = {
			isa = PBXSourcesBuildPhase;
			buildActionMask = 2147483647;
			files = (
				D9903609291CC8F300A419BF /* SwiftGuthubTutorialTests.swift in Sources */,
			);
			runOnlyForDeploymentPostprocessing = 0;
		};
		D990360A291CC8F300A419BF /* Sources */ = {
			isa = PBXSourcesBuildPhase;
			buildActionMask = 2147483647;
			files = (
				D9903613291CC8F300A419BF /* SwiftGuthubTutorialUITests.swift in Sources */,
				D9903615291CC8F300A419BF /* SwiftGuthubTutorialUITestsLaunchTests.swift in Sources */,
			);
			runOnlyForDeploymentPostprocessing = 0;
		};
/* End PBXSourcesBuildPhase section */

/* Begin PBXTargetDependency section */
		D9903606291CC8F300A419BF /* PBXTargetDependency */ = {
			isa = PBXTargetDependency;
			target = D99035F2291CC8F200A419BF /* SwiftGuthubTutorial */;
			targetProxy = D9903605291CC8F300A419BF /* PBXContainerItemProxy */;
		};
		D9903610291CC8F300A419BF /* PBXTargetDependency */ = {
			isa = PBXTargetDependency;
			target = D99035F2291CC8F200A419BF /* SwiftGuthubTutorial */;
			targetProxy = D990360F291CC8F300A419BF /* PBXContainerItemProxy */;
		};
/* End PBXTargetDependency section */

/* Begin XCBuildConfiguration section */
		D9903616291CC8F300A419BF /* Debug */ = {
			isa = XCBuildConfiguration;
			buildSettings = {
				ALWAYS_SEARCH_USER_PATHS = NO;
				CLANG_ANALYZER_NONNULL = YES;
				CLANG_ANALYZER_NUMBER_OBJECT_CONVERSION = YES_AGGRESSIVE;
				CLANG_CXX_LANGUAGE_STANDARD = "gnu++20";
				CLANG_ENABLE_MODULES = YES;
				CLANG_ENABLE_OBJC_ARC = YES;
				CLANG_ENABLE_OBJC_WEAK = YES;
				CLANG_WARN_BLOCK_CAPTURE_AUTORELEASING = YES;
				CLANG_WARN_BOOL_CONVERSION = YES;
				CLANG_WARN_COMMA = YES;
				CLANG_WARN_CONSTANT_CONVERSION = YES;
				CLANG_WARN_DEPRECATED_OBJC_IMPLEMENTATIONS = YES;
				CLANG_WARN_DIRECT_OBJC_ISA_USAGE = YES_ERROR;
				CLANG_WARN_DOCUMENTATION_COMMENTS = YES;
				CLANG_WARN_EMPTY_BODY = YES;
				CLANG_WARN_ENUM_CONVERSION = YES;
				CLANG_WARN_INFINITE_RECURSION = YES;
				CLANG_WARN_INT_CONVERSION = YES;
				CLANG_WARN_NON_LITERAL_NULL_CONVERSION = YES;
				CLANG_WARN_OBJC_IMPLICIT_RETAIN_SELF = YES;
				CLANG_WARN_OBJC_LITERAL_CONVERSION = YES;
				CLANG_WARN_OBJC_ROOT_CLASS = YES_ERROR;
				CLANG_WARN_QUOTED_INCLUDE_IN_FRAMEWORK_HEADER = YES;
				CLANG_WARN_RANGE_LOOP_ANALYSIS = YES;
				CLANG_WARN_STRICT_PROTOTYPES = YES;
				CLANG_WARN_SUSPICIOUS_MOVE = YES;
				CLANG_WARN_UNGUARDED_AVAILABILITY = YES_AGGRESSIVE;
				CLANG_WARN_UNREACHABLE_CODE = YES;
				CLANG_WARN__DUPLICATE_METHOD_MATCH = YES;
				COPY_PHASE_STRIP = NO;
				DEBUG_INFORMATION_FORMAT = dwarf;
				ENABLE_STRICT_OBJC_MSGSEND = YES;
				ENABLE_TESTABILITY = YES;
				GCC_C_LANGUAGE_STANDARD = gnu11;
				GCC_DYNAMIC_NO_PIC = NO;
				GCC_NO_COMMON_BLOCKS = YES;
				GCC_OPTIMIZATION_LEVEL = 0;
				GCC_PREPROCESSOR_DEFINITIONS = (
					"DEBUG=1",
					"$(inherited)",
				);
				GCC_WARN_64_TO_32_BIT_CONVERSION = YES;
				GCC_WARN_ABOUT_RETURN_TYPE = YES_ERROR;
				GCC_WARN_UNDECLARED_SELECTOR = YES;
				GCC_WARN_UNINITIALIZED_AUTOS = YES_AGGRESSIVE;
				GCC_WARN_UNUSED_FUNCTION = YES;
				GCC_WARN_UNUSED_VARIABLE = YES;
				MTL_ENABLE_DEBUG_INFO = INCLUDE_SOURCE;
				MTL_FAST_MATH = YES;
				ONLY_ACTIVE_ARCH = YES;
				SWIFT_ACTIVE_COMPILATION_CONDITIONS = DEBUG;
				SWIFT_OPTIMIZATION_LEVEL = "-Onone";
			};
			name = Debug;
		};
		D9903617291CC8F300A419BF /* Release */ = {
			isa = XCBuildConfiguration;
			buildSettings = {
				ALWAYS_SEARCH_USER_PATHS = NO;
				CLANG_ANALYZER_NONNULL = YES;
				CLANG_ANALYZER_NUMBER_OBJECT_CONVERSION = YES_AGGRESSIVE;
				CLANG_CXX_LANGUAGE_STANDARD = "gnu++20";
				CLANG_ENABLE_MODULES = YES;
				CLANG_ENABLE_OBJC_ARC = YES;
				CLANG_ENABLE_OBJC_WEAK = YES;
				CLANG_WARN_BLOCK_CAPTURE_AUTORELEASING = YES;
				CLANG_WARN_BOOL_CONVERSION = YES;
				CLANG_WARN_COMMA = YES;
				CLANG_WARN_CONSTANT_CONVERSION = YES;
				CLANG_WARN_DEPRECATED_OBJC_IMPLEMENTATIONS = YES;
				CLANG_WARN_DIRECT_OBJC_ISA_USAGE = YES_ERROR;
				CLANG_WARN_DOCUMENTATION_COMMENTS = YES;
				CLANG_WARN_EMPTY_BODY = YES;
				CLANG_WARN_ENUM_CONVERSION = YES;
				CLANG_WARN_INFINITE_RECURSION = YES;
				CLANG_WARN_INT_CONVERSION = YES;
				CLANG_WARN_NON_LITERAL_NULL_CONVERSION = YES;
				CLANG_WARN_OBJC_IMPLICIT_RETAIN_SELF = YES;
				CLANG_WARN_OBJC_LITERAL_CONVERSION = YES;
				CLANG_WARN_OBJC_ROOT_CLASS = YES_ERROR;
				CLANG_WARN_QUOTED_INCLUDE_IN_FRAMEWORK_HEADER = YES;
				CLANG_WARN_RANGE_LOOP_ANALYSIS = YES;
				CLANG_WARN_STRICT_PROTOTYPES = YES;
				CLANG_WARN_SUSPICIOUS_MOVE = YES;
				CLANG_WARN_UNGUARDED_AVAILABILITY = YES_AGGRESSIVE;
				CLANG_WARN_UNREACHABLE_CODE = YES;
				CLANG_WARN__DUPLICATE_METHOD_MATCH = YES;
				COPY_PHASE_STRIP = NO;
				DEBUG_INFORMATION_FORMAT = "dwarf-with-dsym";
				ENABLE_NS_ASSERTIONS = NO;
				ENABLE_STRICT_OBJC_MSGSEND = YES;
				GCC_C_LANGUAGE_STANDARD = gnu11;
				GCC_NO_COMMON_BLOCKS = YES;
				GCC_WARN_64_TO_32_BIT_CONVERSION = YES;
				GCC_WARN_ABOUT_RETURN_TYPE = YES_ERROR;
				GCC_WARN_UNDECLARED_SELECTOR = YES;
				GCC_WARN_UNINITIALIZED_AUTOS = YES_AGGRESSIVE;
				GCC_WARN_UNUSED_FUNCTION = YES;
				GCC_WARN_UNUSED_VARIABLE = YES;
				MTL_ENABLE_DEBUG_INFO = NO;
				MTL_FAST_MATH = YES;
				SWIFT_COMPILATION_MODE = wholemodule;
				SWIFT_OPTIMIZATION_LEVEL = "-O";
			};
			name = Release;
		};
		D9903619291CC8F300A419BF /* Debug */ = {
			isa = XCBuildConfiguration;
			buildSettings = {
				ASSETCATALOG_COMPILER_APPICON_NAME = AppIcon;
				ASSETCATALOG_COMPILER_GLOBAL_ACCENT_COLOR_NAME = AccentColor;
				CODE_SIGN_ENTITLEMENTS = SwiftGuthubTutorial/SwiftGuthubTutorial.entitlements;
				CODE_SIGN_STYLE = Automatic;
				CURRENT_PROJECT_VERSION = 1;
				DEVELOPMENT_ASSET_PATHS = "\"SwiftGuthubTutorial/Preview Content\"";
				ENABLE_PREVIEWS = YES;
				GENERATE_INFOPLIST_FILE = YES;
				"INFOPLIST_KEY_UIApplicationSceneManifest_Generation[sdk=iphoneos*]" = YES;
				"INFOPLIST_KEY_UIApplicationSceneManifest_Generation[sdk=iphonesimulator*]" = YES;
				"INFOPLIST_KEY_UIApplicationSupportsIndirectInputEvents[sdk=iphoneos*]" = YES;
				"INFOPLIST_KEY_UIApplicationSupportsIndirectInputEvents[sdk=iphonesimulator*]" = YES;
				"INFOPLIST_KEY_UILaunchScreen_Generation[sdk=iphoneos*]" = YES;
				"INFOPLIST_KEY_UILaunchScreen_Generation[sdk=iphonesimulator*]" = YES;
				"INFOPLIST_KEY_UIStatusBarStyle[sdk=iphoneos*]" = UIStatusBarStyleDefault;
				"INFOPLIST_KEY_UIStatusBarStyle[sdk=iphonesimulator*]" = UIStatusBarStyleDefault;
				INFOPLIST_KEY_UISupportedInterfaceOrientations_iPad = "UIInterfaceOrientationPortrait UIInterfaceOrientationPortraitUpsideDown UIInterfaceOrientationLandscapeLeft UIInterfaceOrientationLandscapeRight";
				INFOPLIST_KEY_UISupportedInterfaceOrientations_iPhone = "UIInterfaceOrientationPortrait UIInterfaceOrientationLandscapeLeft UIInterfaceOrientationLandscapeRight";
				IPHONEOS_DEPLOYMENT_TARGET = 16.0;
				LD_RUNPATH_SEARCH_PATHS = "@executable_path/Frameworks";
				"LD_RUNPATH_SEARCH_PATHS[sdk=macosx*]" = "@executable_path/../Frameworks";
				MACOSX_DEPLOYMENT_TARGET = 12.3;
				MARKETING_VERSION = 1.0;
				PRODUCT_BUNDLE_IDENTIFIER = "net.egg-nao.SwiftGuthubTutorial";
				PRODUCT_NAME = "$(TARGET_NAME)";
				SDKROOT = auto;
				SUPPORTED_PLATFORMS = "iphoneos iphonesimulator macosx";
				SWIFT_EMIT_LOC_STRINGS = YES;
				SWIFT_VERSION = 5.0;
				TARGETED_DEVICE_FAMILY = "1,2";
			};
			name = Debug;
		};
		D990361A291CC8F300A419BF /* Release */ = {
			isa = XCBuildConfiguration;
			buildSettings = {
				ASSETCATALOG_COMPILER_APPICON_NAME = AppIcon;
				ASSETCATALOG_COMPILER_GLOBAL_ACCENT_COLOR_NAME = AccentColor;
				CODE_SIGN_ENTITLEMENTS = SwiftGuthubTutorial/SwiftGuthubTutorial.entitlements;
				CODE_SIGN_STYLE = Automatic;
				CURRENT_PROJECT_VERSION = 1;
				DEVELOPMENT_ASSET_PATHS = "\"SwiftGuthubTutorial/Preview Content\"";
				ENABLE_PREVIEWS = YES;
				GENERATE_INFOPLIST_FILE = YES;
				"INFOPLIST_KEY_UIApplicationSceneManifest_Generation[sdk=iphoneos*]" = YES;
				"INFOPLIST_KEY_UIApplicationSceneManifest_Generation[sdk=iphonesimulator*]" = YES;
				"INFOPLIST_KEY_UIApplicationSupportsIndirectInputEvents[sdk=iphoneos*]" = YES;
				"INFOPLIST_KEY_UIApplicationSupportsIndirectInputEvents[sdk=iphonesimulator*]" = YES;
				"INFOPLIST_KEY_UILaunchScreen_Generation[sdk=iphoneos*]" = YES;
				"INFOPLIST_KEY_UILaunchScreen_Generation[sdk=iphonesimulator*]" = YES;
				"INFOPLIST_KEY_UIStatusBarStyle[sdk=iphoneos*]" = UIStatusBarStyleDefault;
				"INFOPLIST_KEY_UIStatusBarStyle[sdk=iphonesimulator*]" = UIStatusBarStyleDefault;
				INFOPLIST_KEY_UISupportedInterfaceOrientations_iPad = "UIInterfaceOrientationPortrait UIInterfaceOrientationPortraitUpsideDown UIInterfaceOrientationLandscapeLeft UIInterfaceOrientationLandscapeRight";
				INFOPLIST_KEY_UISupportedInterfaceOrientations_iPhone = "UIInterfaceOrientationPortrait UIInterfaceOrientationLandscapeLeft UIInterfaceOrientationLandscapeRight";
				IPHONEOS_DEPLOYMENT_TARGET = 16.0;
				LD_RUNPATH_SEARCH_PATHS = "@executable_path/Frameworks";
				"LD_RUNPATH_SEARCH_PATHS[sdk=macosx*]" = "@executable_path/../Frameworks";
				MACOSX_DEPLOYMENT_TARGET = 12.3;
				MARKETING_VERSION = 1.0;
				PRODUCT_BUNDLE_IDENTIFIER = "net.egg-nao.SwiftGuthubTutorial";
				PRODUCT_NAME = "$(TARGET_NAME)";
				SDKROOT = auto;
				SUPPORTED_PLATFORMS = "iphoneos iphonesimulator macosx";
				SWIFT_EMIT_LOC_STRINGS = YES;
				SWIFT_VERSION = 5.0;
				TARGETED_DEVICE_FAMILY = "1,2";
			};
			name = Release;
		};
		D990361C291CC8F300A419BF /* Debug */ = {
			isa = XCBuildConfiguration;
			buildSettings = {
				ALWAYS_EMBED_SWIFT_STANDARD_LIBRARIES = YES;
				BUNDLE_LOADER = "$(TEST_HOST)";
				CODE_SIGN_STYLE = Automatic;
				CURRENT_PROJECT_VERSION = 1;
				GENERATE_INFOPLIST_FILE = YES;
				IPHONEOS_DEPLOYMENT_TARGET = 16.0;
				MACOSX_DEPLOYMENT_TARGET = 12.3;
				MARKETING_VERSION = 1.0;
				PRODUCT_BUNDLE_IDENTIFIER = "net.egg-nao.SwiftGuthubTutorialTests";
				PRODUCT_NAME = "$(TARGET_NAME)";
				SDKROOT = auto;
				SUPPORTED_PLATFORMS = "iphoneos iphonesimulator macosx";
				SWIFT_EMIT_LOC_STRINGS = NO;
				SWIFT_VERSION = 5.0;
				TARGETED_DEVICE_FAMILY = "1,2";
				TEST_HOST = "$(BUILT_PRODUCTS_DIR)/SwiftGuthubTutorial.app/$(BUNDLE_EXECUTABLE_FOLDER_PATH)/SwiftGuthubTutorial";
			};
			name = Debug;
		};
		D990361D291CC8F300A419BF /* Release */ = {
			isa = XCBuildConfiguration;
			buildSettings = {
				ALWAYS_EMBED_SWIFT_STANDARD_LIBRARIES = YES;
				BUNDLE_LOADER = "$(TEST_HOST)";
				CODE_SIGN_STYLE = Automatic;
				CURRENT_PROJECT_VERSION = 1;
				GENERATE_INFOPLIST_FILE = YES;
				IPHONEOS_DEPLOYMENT_TARGET = 16.0;
				MACOSX_DEPLOYMENT_TARGET = 12.3;
				MARKETING_VERSION = 1.0;
				PRODUCT_BUNDLE_IDENTIFIER = "net.egg-nao.SwiftGuthubTutorialTests";
				PRODUCT_NAME = "$(TARGET_NAME)";
				SDKROOT = auto;
				SUPPORTED_PLATFORMS = "iphoneos iphonesimulator macosx";
				SWIFT_EMIT_LOC_STRINGS = NO;
				SWIFT_VERSION = 5.0;
				TARGETED_DEVICE_FAMILY = "1,2";
				TEST_HOST = "$(BUILT_PRODUCTS_DIR)/SwiftGuthubTutorial.app/$(BUNDLE_EXECUTABLE_FOLDER_PATH)/SwiftGuthubTutorial";
			};
			name = Release;
		};
		D990361F291CC8F300A419BF /* Debug */ = {
			isa = XCBuildConfiguration;
			buildSettings = {
				ALWAYS_EMBED_SWIFT_STANDARD_LIBRARIES = YES;
				CODE_SIGN_STYLE = Automatic;
				CURRENT_PROJECT_VERSION = 1;
				GENERATE_INFOPLIST_FILE = YES;
				IPHONEOS_DEPLOYMENT_TARGET = 16.0;
				MACOSX_DEPLOYMENT_TARGET = 12.3;
				MARKETING_VERSION = 1.0;
				PRODUCT_BUNDLE_IDENTIFIER = "net.egg-nao.SwiftGuthubTutorialUITests";
				PRODUCT_NAME = "$(TARGET_NAME)";
				SDKROOT = auto;
				SUPPORTED_PLATFORMS = "iphoneos iphonesimulator macosx";
				SWIFT_EMIT_LOC_STRINGS = NO;
				SWIFT_VERSION = 5.0;
				TARGETED_DEVICE_FAMILY = "1,2";
				TEST_TARGET_NAME = SwiftGuthubTutorial;
			};
			name = Debug;
		};
		D9903620291CC8F300A419BF /* Release */ = {
			isa = XCBuildConfiguration;
			buildSettings = {
				ALWAYS_EMBED_SWIFT_STANDARD_LIBRARIES = YES;
				CODE_SIGN_STYLE = Automatic;
				CURRENT_PROJECT_VERSION = 1;
				GENERATE_INFOPLIST_FILE = YES;
				IPHONEOS_DEPLOYMENT_TARGET = 16.0;
				MACOSX_DEPLOYMENT_TARGET = 12.3;
				MARKETING_VERSION = 1.0;
				PRODUCT_BUNDLE_IDENTIFIER = "net.egg-nao.SwiftGuthubTutorialUITests";
				PRODUCT_NAME = "$(TARGET_NAME)";
				SDKROOT = auto;
				SUPPORTED_PLATFORMS = "iphoneos iphonesimulator macosx";
				SWIFT_EMIT_LOC_STRINGS = NO;
				SWIFT_VERSION = 5.0;
				TARGETED_DEVICE_FAMILY = "1,2";
				TEST_TARGET_NAME = SwiftGuthubTutorial;
			};
			name = Release;
		};
/* End XCBuildConfiguration section */

/* Begin XCConfigurationList section */
		D99035EE291CC8F200A419BF /* Build configuration list for PBXProject "SwiftGuthubTutorial" */ = {
			isa = XCConfigurationList;
			buildConfigurations = (
				D9903616291CC8F300A419BF /* Debug */,
				D9903617291CC8F300A419BF /* Release */,
			);
			defaultConfigurationIsVisible = 0;
			defaultConfigurationName = Release;
		};
		D9903618291CC8F300A419BF /* Build configuration list for PBXNativeTarget "SwiftGuthubTutorial" */ = {
			isa = XCConfigurationList;
			buildConfigurations = (
				D9903619291CC8F300A419BF /* Debug */,
				D990361A291CC8F300A419BF /* Release */,
			);
			defaultConfigurationIsVisible = 0;
			defaultConfigurationName = Release;
		};
		D990361B291CC8F300A419BF /* Build configuration list for PBXNativeTarget "SwiftGuthubTutorialTests" */ = {
			isa = XCConfigurationList;
			buildConfigurations = (
				D990361C291CC8F300A419BF /* Debug */,
				D990361D291CC8F300A419BF /* Release */,
			);
			defaultConfigurationIsVisible = 0;
			defaultConfigurationName = Release;
		};
		D990361E291CC8F300A419BF /* Build configuration list for PBXNativeTarget "SwiftGuthubTutorialUITests" */ = {
			isa = XCConfigurationList;
			buildConfigurations = (
				D990361F291CC8F300A419BF /* Debug */,
				D9903620291CC8F300A419BF /* Release */,
			);
			defaultConfigurationIsVisible = 0;
			defaultConfigurationName = Release;
		};
/* End XCConfigurationList section */
	};
	rootObject = D99035EB291CC8F200A419BF /* Project object */;
}
